
Microsoft Visual Studio Solution File, Format Version 12.00
# Visual Studio Version 17
VisualStudioVersion = 17.14.36414.22 d17.14
MinimumVisualStudioVersion = 10.0.40219.1
Project("{FAE04EC0-301F-11D3-BF4B-00C04F79EFBC}") = "Praktik9_2", "Praktik9_2\Praktik9_2.csproj", "{97CE89C3-E68C-43AA-B411-76C0C10C846C}"
EndProject
Global
	GlobalSection(SolutionConfigurationPlatforms) = preSolution
		Debug|Any CPU = Debug|Any CPU
		Release|Any CPU = Release|Any CPU
	EndGlobalSection
	GlobalSection(ProjectConfigurationPlatforms) = postSolution
		{97CE89C3-E68C-43AA-B411-76C0C10C846C}.Debug|Any CPU.ActiveCfg = Debug|Any CPU
		{97CE89C3-E68C-43AA-B411-76C0C10C846C}.Debug|Any CPU.Build.0 = Debug|Any CPU
		{97CE89C3-E68C-43AA-B411-76C0C10C846C}.Release|Any CPU.ActiveCfg = Release|Any CPU
		{97CE89C3-E68C-43AA-B411-76C0C10C846C}.Release|Any CPU.Build.0 = Release|Any CPU
	EndGlobalSection
	GlobalSection(SolutionProperties) = preSolution
		HideSolutionNode = FALSE
	EndGlobalSection
	GlobalSection(ExtensibilityGlobals) = postSolution
		SolutionGuid = {0A07E238-4A7D-4945-BFF1-180B1F14AD04}
	EndGlobalSection
EndGlobal
